
Microsoft Visual Studio Solution File, Format Version 12.00
# Visual Studio Version 16
VisualStudioVersion = 16.0.30717.126
MinimumVisualStudioVersion = 10.0.40219.1
Project("{9A19103F-16F7-4668-BE54-9A1E7A4F7556}") = "AdventOfCode", "Source/AdventOfCode.csproj", "{EDB04A81-FA39-4E53-B624-E3BE8E93C520}"
EndProject
Global
	GlobalSection(SolutionConfigurationPlatforms) = preSolution
		Debug|Any CPU = Debug|Any CPU
		Release|Any CPU = Release|Any CPU
	EndGlobalSection
	GlobalSection(ProjectConfigurationPlatforms) = postSolution
		{EDB04A81-FA39-4E53-B624-E3BE8E93C520}.Debug|Any CPU.ActiveCfg = Debug|Any CPU
		{EDB04A81-FA39-4E53-B624-E3BE8E93C520}.Debug|Any CPU.Build.0 = Debug|Any CPU
		{EDB04A81-FA39-4E53-B624-E3BE8E93C520}.Release|Any CPU.ActiveCfg = Release|Any CPU
		{EDB04A81-FA39-4E53-B624-E3BE8E93C520}.Release|Any CPU.Build.0 = Release|Any CPU
	EndGlobalSection
	GlobalSection(SolutionProperties) = preSolution
		HideSolutionNode = FALSE
	EndGlobalSection
	GlobalSection(ExtensibilityGlobals) = postSolution
		SolutionGuid = {A752956A-F97A-43FE-9BBC-82CDC1489250}
	EndGlobalSection
EndGlobal
